// !$*UTF8*$!
{
	archiveVersion = 1;
	classes = {
	};
	objectVersion = 50;
	objects = {

/* Begin PBXBuildFile section */
		27502050249E894300AEE967 /* AppDelegate.swift in Sources */ = {isa = PBXBuildFile; fileRef = 2750204F249E894300AEE967 /* AppDelegate.swift */; };
		27502052249E894300AEE967 /* SceneDelegate.swift in Sources */ = {isa = PBXBuildFile; fileRef = 27502051249E894300AEE967 /* SceneDelegate.swift */; };
		27502059249E894900AEE967 /* Assets.xcassets in Resources */ = {isa = PBXBuildFile; fileRef = 27502058249E894900AEE967 /* Assets.xcassets */; };
		2750205C249E894900AEE967 /* LaunchScreen.storyboard in Resources */ = {isa = PBXBuildFile; fileRef = 2750205A249E894900AEE967 /* LaunchScreen.storyboard */; };
		27502069249E8CB900AEE967 /* CanadaViewController.swift in Sources */ = {isa = PBXBuildFile; fileRef = 27502068249E8CB900AEE967 /* CanadaViewController.swift */; };
		2750206B249E911900AEE967 /* HttpUtility.swift in Sources */ = {isa = PBXBuildFile; fileRef = 2750206A249E911900AEE967 /* HttpUtility.swift */; };
		2750206D249E914E00AEE967 /* Common.swift in Sources */ = {isa = PBXBuildFile; fileRef = 2750206C249E914E00AEE967 /* Common.swift */; };
		2750206F249E917F00AEE967 /* CanadaModel.swift in Sources */ = {isa = PBXBuildFile; fileRef = 2750206E249E917F00AEE967 /* CanadaModel.swift */; };
		2750D331249F3D4A00B23672 /* CanadaTableViewCell.swift in Sources */ = {isa = PBXBuildFile; fileRef = 2750D330249F3D4A00B23672 /* CanadaTableViewCell.swift */; };
/* End PBXBuildFile section */

/* Begin PBXFileReference section */
		2750204C249E894300AEE967 /* PradeepCodingTest.app */ = {isa = PBXFileReference; explicitFileType = wrapper.application; includeInIndex = 0; path = PradeepCodingTest.app; sourceTree = BUILT_PRODUCTS_DIR; };
		2750204F249E894300AEE967 /* AppDelegate.swift */ = {isa = PBXFileReference; lastKnownFileType = sourcecode.swift; path = AppDelegate.swift; sourceTree = "<group>"; };
		27502051249E894300AEE967 /* SceneDelegate.swift */ = {isa = PBXFileReference; lastKnownFileType = sourcecode.swift; path = SceneDelegate.swift; sourceTree = "<group>"; };
		27502058249E894900AEE967 /* Assets.xcassets */ = {isa = PBXFileReference; lastKnownFileType = folder.assetcatalog; path = Assets.xcassets; sourceTree = "<group>"; };
		2750205B249E894900AEE967 /* Base */ = {isa = PBXFileReference; lastKnownFileType = file.storyboard; name = Base; path = Base.lproj/LaunchScreen.storyboard; sourceTree = "<group>"; };
		2750205D249E894900AEE967 /* Info.plist */ = {isa = PBXFileReference; lastKnownFileType = text.plist.xml; path = Info.plist; sourceTree = "<group>"; };
		27502068249E8CB900AEE967 /* CanadaViewController.swift */ = {isa = PBXFileReference; lastKnownFileType = sourcecode.swift; path = CanadaViewController.swift; sourceTree = "<group>"; };
		2750206A249E911900AEE967 /* HttpUtility.swift */ = {isa = PBXFileReference; lastKnownFileType = sourcecode.swift; path = HttpUtility.swift; sourceTree = "<group>"; };
		2750206C249E914E00AEE967 /* Common.swift */ = {isa = PBXFileReference; lastKnownFileType = sourcecode.swift; path = Common.swift; sourceTree = "<group>"; };
		2750206E249E917F00AEE967 /* CanadaModel.swift */ = {isa = PBXFileReference; lastKnownFileType = sourcecode.swift; path = CanadaModel.swift; sourceTree = "<group>"; };
		2750D330249F3D4A00B23672 /* CanadaTableViewCell.swift */ = {isa = PBXFileReference; lastKnownFileType = sourcecode.swift; path = CanadaTableViewCell.swift; sourceTree = "<group>"; };
/* End PBXFileReference section */

/* Begin PBXFrameworksBuildPhase section */
		27502049249E894300AEE967 /* Frameworks */ = {
			isa = PBXFrameworksBuildPhase;
			buildActionMask = 2147483647;
			files = (
			);
			runOnlyForDeploymentPostprocessing = 0;
		};
/* End PBXFrameworksBuildPhase section */

/* Begin PBXGroup section */
		27502043249E894300AEE967 = {
			isa = PBXGroup;
			children = (
				2750204E249E894300AEE967 /* PradeepCodingTest */,
				2750204D249E894300AEE967 /* Products */,
			);
			sourceTree = "<group>";
		};
		2750204D249E894300AEE967 /* Products */ = {
			isa = PBXGroup;
			children = (
				2750204C249E894300AEE967 /* PradeepCodingTest.app */,
			);
			name = Products;
			sourceTree = "<group>";
		};
		2750204E249E894300AEE967 /* PradeepCodingTest */ = {
			isa = PBXGroup;
			children = (
				27502067249E8C6000AEE967 /* View */,
				27502064249E8C5600AEE967 /* Common */,
				27502063249E8C5600AEE967 /* Controller */,
				27502065249E8C5600AEE967 /* Model */,
				27502066249E8C5600AEE967 /* Services */,
				2750204F249E894300AEE967 /* AppDelegate.swift */,
				27502051249E894300AEE967 /* SceneDelegate.swift */,
				27502058249E894900AEE967 /* Assets.xcassets */,
				2750205A249E894900AEE967 /* LaunchScreen.storyboard */,
				2750205D249E894900AEE967 /* Info.plist */,
			);
			path = PradeepCodingTest;
			sourceTree = "<group>";
		};
		27502063249E8C5600AEE967 /* Controller */ = {
			isa = PBXGroup;
			children = (
				27502068249E8CB900AEE967 /* CanadaViewController.swift */,
			);
			path = Controller;
			sourceTree = "<group>";
		};
		27502064249E8C5600AEE967 /* Common */ = {
			isa = PBXGroup;
			children = (
				2750206C249E914E00AEE967 /* Common.swift */,
			);
			path = Common;
			sourceTree = "<group>";
		};
		27502065249E8C5600AEE967 /* Model */ = {
			isa = PBXGroup;
			children = (
				2750206E249E917F00AEE967 /* CanadaModel.swift */,
			);
			path = Model;
			sourceTree = "<group>";
		};
		27502066249E8C5600AEE967 /* Services */ = {
			isa = PBXGroup;
			children = (
				2750206A249E911900AEE967 /* HttpUtility.swift */,
			);
			path = Services;
			sourceTree = "<group>";
		};
		27502067249E8C6000AEE967 /* View */ = {
			isa = PBXGroup;
			children = (
				2750D330249F3D4A00B23672 /* CanadaTableViewCell.swift */,
			);
			path = View;
			sourceTree = "<group>";
		};
/* End PBXGroup section */

/* Begin PBXNativeTarget section */
		2750204B249E894300AEE967 /* PradeepCodingTest */ = {
			isa = PBXNativeTarget;
			buildConfigurationList = 27502060249E894900AEE967 /* Build configuration list for PBXNativeTarget "PradeepCodingTest" */;
			buildPhases = (
				27502048249E894300AEE967 /* Sources */,
				27502049249E894300AEE967 /* Frameworks */,
				2750204A249E894300AEE967 /* Resources */,
			);
			buildRules = (
			);
			dependencies = (
			);
			name = PradeepCodingTest;
			productName = PradeepCodingTest;
			productReference = 2750204C249E894300AEE967 /* PradeepCodingTest.app */;
			productType = "com.apple.product-type.application";
		};
/* End PBXNativeTarget section */

/* Begin PBXProject section */
		27502044249E894300AEE967 /* Project object */ = {
			isa = PBXProject;
			attributes = {
				LastSwiftUpdateCheck = 1120;
				LastUpgradeCheck = 1120;
				ORGANIZATIONNAME = Pradeep;
				TargetAttributes = {
					2750204B249E894300AEE967 = {
						CreatedOnToolsVersion = 11.2.1;
					};
				};
			};
			buildConfigurationList = 27502047249E894300AEE967 /* Build configuration list for PBXProject "PradeepCodingTest" */;
			compatibilityVersion = "Xcode 9.3";
			developmentRegion = en;
			hasScannedForEncodings = 0;
			knownRegions = (
				en,
				Base,
			);
			mainGroup = 27502043249E894300AEE967;
			productRefGroup = 2750204D249E894300AEE967 /* Products */;
			projectDirPath = "";
			projectRoot = "";
			targets = (
				2750204B249E894300AEE967 /* PradeepCodingTest */,
			);
		};
/* End PBXProject section */

/* Begin PBXResourcesBuildPhase section */
		2750204A249E894300AEE967 /* Resources */ = {
			isa = PBXResourcesBuildPhase;
			buildActionMask = 2147483647;
			files = (
				2750205C249E894900AEE967 /* LaunchScreen.storyboard in Resources */,
				27502059249E894900AEE967 /* Assets.xcassets in Resources */,
			);
			runOnlyForDeploymentPostprocessing = 0;
		};
/* End PBXResourcesBuildPhase section */

/* Begin PBXSourcesBuildPhase section */
		27502048249E894300AEE967 /* Sources */ = {
			isa = PBXSourcesBuildPhase;
			buildActionMask = 2147483647;
			files = (
				2750D331249F3D4A00B23672 /* CanadaTableViewCell.swift in Sources */,
				2750206B249E911900AEE967 /* HttpUtility.swift in Sources */,
				2750206F249E917F00AEE967 /* CanadaModel.swift in Sources */,
				27502050249E894300AEE967 /* AppDelegate.swift in Sources */,
				27502069249E8CB900AEE967 /* CanadaViewController.swift in Sources */,
				2750206D249E914E00AEE967 /* Common.swift in Sources */,
				27502052249E894300AEE967 /* SceneDelegate.swift in Sources */,
			);
			runOnlyForDeploymentPostprocessing = 0;
		};
/* End PBXSourcesBuildPhase section */

/* Begin PBXVariantGroup section */
		2750205A249E894900AEE967 /* LaunchScreen.storyboard */ = {
			isa = PBXVariantGroup;
			children = (
				2750205B249E894900AEE967 /* Base */,
			);
			name = LaunchScreen.storyboard;
			sourceTree = "<group>";
		};
/* End PBXVariantGroup section */

/* Begin XCBuildConfiguration section */
		2750205E249E894900AEE967 /* Debug */ = {
			isa = XCBuildConfiguration;
			buildSettings = {
				ALWAYS_SEARCH_USER_PATHS = NO;
				CLANG_ANALYZER_NONNULL = YES;
				CLANG_ANALYZER_NUMBER_OBJECT_CONVERSION = YES_AGGRESSIVE;
				CLANG_CXX_LANGUAGE_STANDARD = "gnu++14";
				CLANG_CXX_LIBRARY = "libc++";
				CLANG_ENABLE_MODULES = YES;
				CLANG_ENABLE_OBJC_ARC = YES;
				CLANG_ENABLE_OBJC_WEAK = YES;
				CLANG_WARN_BLOCK_CAPTURE_AUTORELEASING = YES;
				CLANG_WARN_BOOL_CONVERSION = YES;
				CLANG_WARN_COMMA = YES;
				CLANG_WARN_CONSTANT_CONVERSION = YES;
				CLANG_WARN_DEPRECATED_OBJC_IMPLEMENTATIONS = YES;
				CLANG_WARN_DIRECT_OBJC_ISA_USAGE = YES_ERROR;
				CLANG_WARN_DOCUMENTATION_COMMENTS = YES;
				CLANG_WARN_EMPTY_BODY = YES;
				CLANG_WARN_ENUM_CONVERSION = YES;
				CLANG_WARN_INFINITE_RECURSION = YES;
				CLANG_WARN_INT_CONVERSION = YES;
				CLANG_WARN_NON_LITERAL_NULL_CONVERSION = YES;
				CLANG_WARN_OBJC_IMPLICIT_RETAIN_SELF = YES;
				CLANG_WARN_OBJC_LITERAL_CONVERSION = YES;
				CLANG_WARN_OBJC_ROOT_CLASS = YES_ERROR;
				CLANG_WARN_RANGE_LOOP_ANALYSIS = YES;
				CLANG_WARN_STRICT_PROTOTYPES = YES;
				CLANG_WARN_SUSPICIOUS_MOVE = YES;
				CLANG_WARN_UNGUARDED_AVAILABILITY = YES_AGGRESSIVE;
				CLANG_WARN_UNREACHABLE_CODE = YES;
				CLANG_WARN__DUPLICATE_METHOD_MATCH = YES;
				COPY_PHASE_STRIP = NO;
				DEBUG_INFORMATION_FORMAT = dwarf;
				ENABLE_STRICT_OBJC_MSGSEND = YES;
				ENABLE_TESTABILITY = YES;
				GCC_C_LANGUAGE_STANDARD = gnu11;
				GCC_DYNAMIC_NO_PIC = NO;
				GCC_NO_COMMON_BLOCKS = YES;
				GCC_OPTIMIZATION_LEVEL = 0;
				GCC_PREPROCESSOR_DEFINITIONS = (
					"DEBUG=1",
					"$(inherited)",
				);
				GCC_WARN_64_TO_32_BIT_CONVERSION = YES;
				GCC_WARN_ABOUT_RETURN_TYPE = YES_ERROR;
				GCC_WARN_UNDECLARED_SELECTOR = YES;
				GCC_WARN_UNINITIALIZED_AUTOS = YES_AGGRESSIVE;
				GCC_WARN_UNUSED_FUNCTION = YES;
				GCC_WARN_UNUSED_VARIABLE = YES;
				IPHONEOS_DEPLOYMENT_TARGET = 13.2;
				MTL_ENABLE_DEBUG_INFO = INCLUDE_SOURCE;
				MTL_FAST_MATH = YES;
				ONLY_ACTIVE_ARCH = YES;
				SDKROOT = iphoneos;
				SWIFT_ACTIVE_COMPILATION_CONDITIONS = DEBUG;
				SWIFT_OPTIMIZATION_LEVEL = "-Onone";
			};
			name = Debug;
		};
		2750205F249E894900AEE967 /* Release */ = {
			isa = XCBuildConfiguration;
			buildSettings = {
				ALWAYS_SEARCH_USER_PATHS = NO;
				CLANG_ANALYZER_NONNULL = YES;
				CLANG_ANALYZER_NUMBER_OBJECT_CONVERSION = YES_AGGRESSIVE;
				CLANG_CXX_LANGUAGE_STANDARD = "gnu++14";
				CLANG_CXX_LIBRARY = "libc++";
				CLANG_ENABLE_MODULES = YES;
				CLANG_ENABLE_OBJC_ARC = YES;
				CLANG_ENABLE_OBJC_WEAK = YES;
				CLANG_WARN_BLOCK_CAPTURE_AUTORELEASING = YES;
				CLANG_WARN_BOOL_CONVERSION = YES;
				CLANG_WARN_COMMA = YES;
				CLANG_WARN_CONSTANT_CONVERSION = YES;
				CLANG_WARN_DEPRECATED_OBJC_IMPLEMENTATIONS = YES;
				CLANG_WARN_DIRECT_OBJC_ISA_USAGE = YES_ERROR;
				CLANG_WARN_DOCUMENTATION_COMMENTS = YES;
				CLANG_WARN_EMPTY_BODY = YES;
				CLANG_WARN_ENUM_CONVERSION = YES;
				CLANG_WARN_INFINITE_RECURSION = YES;
				CLANG_WARN_INT_CONVERSION = YES;
				CLANG_WARN_NON_LITERAL_NULL_CONVERSION = YES;
				CLANG_WARN_OBJC_IMPLICIT_RETAIN_SELF = YES;
				CLANG_WARN_OBJC_LITERAL_CONVERSION = YES;
				CLANG_WARN_OBJC_ROOT_CLASS = YES_ERROR;
				CLANG_WARN_RANGE_LOOP_ANALYSIS = YES;
				CLANG_WARN_STRICT_PROTOTYPES = YES;
				CLANG_WARN_SUSPICIOUS_MOVE = YES;
				CLANG_WARN_UNGUARDED_AVAILABILITY = YES_AGGRESSIVE;
				CLANG_WARN_UNREACHABLE_CODE = YES;
				CLANG_WARN__DUPLICATE_METHOD_MATCH = YES;
				COPY_PHASE_STRIP = NO;
				DEBUG_INFORMATION_FORMAT = "dwarf-with-dsym";
				ENABLE_NS_ASSERTIONS = NO;
				ENABLE_STRICT_OBJC_MSGSEND = YES;
				GCC_C_LANGUAGE_STANDARD = gnu11;
				GCC_NO_COMMON_BLOCKS = YES;
				GCC_WARN_64_TO_32_BIT_CONVERSION = YES;
				GCC_WARN_ABOUT_RETURN_TYPE = YES_ERROR;
				GCC_WARN_UNDECLARED_SELECTOR = YES;
				GCC_WARN_UNINITIALIZED_AUTOS = YES_AGGRESSIVE;
				GCC_WARN_UNUSED_FUNCTION = YES;
				GCC_WARN_UNUSED_VARIABLE = YES;
				IPHONEOS_DEPLOYMENT_TARGET = 13.2;
				MTL_ENABLE_DEBUG_INFO = NO;
				MTL_FAST_MATH = YES;
				SDKROOT = iphoneos;
				SWIFT_COMPILATION_MODE = wholemodule;
				SWIFT_OPTIMIZATION_LEVEL = "-O";
				VALIDATE_PRODUCT = YES;
			};
			name = Release;
		};
		27502061249E894900AEE967 /* Debug */ = {
			isa = XCBuildConfiguration;
			buildSettings = {
				ASSETCATALOG_COMPILER_APPICON_NAME = AppIcon;
				CODE_SIGN_STYLE = Automatic;
				DEVELOPMENT_TEAM = 6BF9ZGVZZA;
				INFOPLIST_FILE = PradeepCodingTest/Info.plist;
				LD_RUNPATH_SEARCH_PATHS = (
					"$(inherited)",
					"@executable_path/Frameworks",
				);
				PRODUCT_BUNDLE_IDENTIFIER = Home.PradeepCodingTest;
				PRODUCT_NAME = "$(TARGET_NAME)";
				SWIFT_VERSION = 5.0;
				TARGETED_DEVICE_FAMILY = "1,2";
			};
			name = Debug;
		};
		27502062249E894900AEE967 /* Release */ = {
			isa = XCBuildConfiguration;
			buildSettings = {
				ASSETCATALOG_COMPILER_APPICON_NAME = AppIcon;
				CODE_SIGN_STYLE = Automatic;
				DEVELOPMENT_TEAM = 6BF9ZGVZZA;
				INFOPLIST_FILE = PradeepCodingTest/Info.plist;
				LD_RUNPATH_SEARCH_PATHS = (
					"$(inherited)",
					"@executable_path/Frameworks",
				);
				PRODUCT_BUNDLE_IDENTIFIER = Home.PradeepCodingTest;
				PRODUCT_NAME = "$(TARGET_NAME)";
				SWIFT_VERSION = 5.0;
				TARGETED_DEVICE_FAMILY = "1,2";
			};
			name = Release;
		};
/* End XCBuildConfiguration section */

/* Begin XCConfigurationList section */
		27502047249E894300AEE967 /* Build configuration list for PBXProject "PradeepCodingTest" */ = {
			isa = XCConfigurationList;
			buildConfigurations = (
				2750205E249E894900AEE967 /* Debug */,
				2750205F249E894900AEE967 /* Release */,
			);
			defaultConfigurationIsVisible = 0;
			defaultConfigurationName = Release;
		};
		27502060249E894900AEE967 /* Build configuration list for PBXNativeTarget "PradeepCodingTest" */ = {
			isa = XCConfigurationList;
			buildConfigurations = (
				27502061249E894900AEE967 /* Debug */,
				27502062249E894900AEE967 /* Release */,
			);
			defaultConfigurationIsVisible = 0;
			defaultConfigurationName = Release;
		};
/* End XCConfigurationList section */
	};
	rootObject = 27502044249E894300AEE967 /* Project object */;
}
